// !$*UTF8*$!
{
	archiveVersion = 1;
	classes = {
	};
	objectVersion = 77;
	objects = {

/* Begin PBXBuildFile section */
		22BA9A182F98EA3300F46579 /* README.md in Resources */ = {isa = PBXBuildFile; fileRef = 22BA9A172F98EA3300F46579 /* README.md */; };
/* End PBXBuildFile section */

/* Begin PBXContainerItemProxy section */
		22BA99F92F98E7D700F46579 /* PBXContainerItemProxy */ = {
			isa = PBXContainerItemProxy;
			containerPortal = 22BA99E32F98E7D400F46579 /* Project object */;
			proxyType = 1;
			remoteGlobalIDString = 22BA99EA2F98E7D400F46579;
			remoteInfo = CurrencyXchangeCalc;
		};
		22BA9A032F98E7D700F46579 /* PBXContainerItemProxy */ = {
			isa = PBXContainerItemProxy;
			containerPortal = 22BA99E32F98E7D400F46579 /* Project object */;
			proxyType = 1;
			remoteGlobalIDString = 22BA99EA2F98E7D400F46579;
			remoteInfo = CurrencyXchangeCalc;
		};
/* End PBXContainerItemProxy section */

/* Begin PBXFileReference section */
		22BA99EB2F98E7D400F46579 /* CurrencyXchangeCalc.app */ = {isa = PBXFileReference; explicitFileType = wrapper.application; includeInIndex = 0; path = CurrencyXchangeCalc.app; sourceTree = BUILT_PRODUCTS_DIR; };
		22BA99F82F98E7D700F46579 /* CurrencyXchangeCalcTests.xctest */ = {isa = PBXFileReference; explicitFileType = wrapper.cfbundle; includeInIndex = 0; path = CurrencyXchangeCalcTests.xctest; sourceTree = BUILT_PRODUCTS_DIR; };
		22BA9A022F98E7D700F46579 /* CurrencyXchangeCalcUITests.xctest */ = {isa = PBXFileReference; explicitFileType = wrapper.cfbundle; includeInIndex = 0; path = CurrencyXchangeCalcUITests.xctest; sourceTree = BUILT_PRODUCTS_DIR; };
		22BA9A172F98EA3300F46579 /* README.md */ = {isa = PBXFileReference; lastKnownFileType = net.daringfireball.markdown; path = README.md; sourceTree = "<group>"; };
/* End PBXFileReference section */

/* Begin PBXFileSystemSynchronizedRootGroup section */
		22BA99ED2F98E7D400F46579 /* CurrencyXchangeCalc */ = {
			isa = PBXFileSystemSynchronizedRootGroup;
			path = CurrencyXchangeCalc;
			sourceTree = "<group>";
		};
		22BA99FB2F98E7D700F46579 /* CurrencyXchangeCalcTests */ = {
			isa = PBXFileSystemSynchronizedRootGroup;
			path = CurrencyXchangeCalcTests;
			sourceTree = "<group>";
		};
		22BA9A052F98E7D700F46579 /* CurrencyXchangeCalcUITests */ = {
			isa = PBXFileSystemSynchronizedRootGroup;
			path = CurrencyXchangeCalcUITests;
			sourceTree = "<group>";
		};
		22BA9A1A2F98EA4C00F46579 /* Docs */ = {
			isa = PBXFileSystemSynchronizedRootGroup;
			path = Docs;
			sourceTree = "<group>";
		};
/* End PBXFileSystemSynchronizedRootGroup section */

/* Begin PBXFrameworksBuildPhase section */
		22BA99E82F98E7D400F46579 /* Frameworks */ = {
			isa = PBXFrameworksBuildPhase;
			buildActionMask = 2147483647;
			files = (
			);
			runOnlyForDeploymentPostprocessing = 0;
		};
		22BA99F52F98E7D700F46579 /* Frameworks */ = {
			isa = PBXFrameworksBuildPhase;
			buildActionMask = 2147483647;
			files = (
			);
			runOnlyForDeploymentPostprocessing = 0;
		};
		22BA99FF2F98E7D700F46579 /* Frameworks */ = {
			isa = PBXFrameworksBuildPhase;
			buildActionMask = 2147483647;
			files = (
			);
			runOnlyForDeploymentPostprocessing = 0;
		};
/* End PBXFrameworksBuildPhase section */

/* Begin PBXGroup section */
		22BA99E22F98E7D400F46579 = {
			isa = PBXGroup;
			children = (
				22BA9A1A2F98EA4C00F46579 /* Docs */,
				22BA9A172F98EA3300F46579 /* README.md */,
				22BA99ED2F98E7D400F46579 /* CurrencyXchangeCalc */,
				22BA99FB2F98E7D700F46579 /* CurrencyXchangeCalcTests */,
				22BA9A052F98E7D700F46579 /* CurrencyXchangeCalcUITests */,
				22BA99EC2F98E7D400F46579 /* Products */,
			);
			sourceTree = "<group>";
		};
		22BA99EC2F98E7D400F46579 /* Products */ = {
			isa = PBXGroup;
			children = (
				22BA99EB2F98E7D400F46579 /* CurrencyXchangeCalc.app */,
				22BA99F82F98E7D700F46579 /* CurrencyXchangeCalcTests.xctest */,
				22BA9A022F98E7D700F46579 /* CurrencyXchangeCalcUITests.xctest */,
			);
			name = Products;
			sourceTree = "<group>";
		};
/* End PBXGroup section */

/* Begin PBXNativeTarget section */
		22BA99EA2F98E7D400F46579 /* CurrencyXchangeCalc */ = {
			isa = PBXNativeTarget;
			buildConfigurationList = 22BA9A0C2F98E7D700F46579 /* Build configuration list for PBXNativeTarget "CurrencyXchangeCalc" */;
			buildPhases = (
				22BA99E72F98E7D400F46579 /* Sources */,
				22BA99E82F98E7D400F46579 /* Frameworks */,
				22BA99E92F98E7D400F46579 /* Resources */,
			);
			buildRules = (
			);
			dependencies = (
			);
			fileSystemSynchronizedGroups = (
				22BA99ED2F98E7D400F46579 /* CurrencyXchangeCalc */,
				22BA9A1A2F98EA4C00F46579 /* Docs */,
			);
			name = CurrencyXchangeCalc;
			packageProductDependencies = (
			);
			productName = CurrencyXchangeCalc;
			productReference = 22BA99EB2F98E7D400F46579 /* CurrencyXchangeCalc.app */;
			productType = "com.apple.product-type.application";
		};
		22BA99F72F98E7D700F46579 /* CurrencyXchangeCalcTests */ = {
			isa = PBXNativeTarget;
			buildConfigurationList = 22BA9A0F2F98E7D700F46579 /* Build configuration list for PBXNativeTarget "CurrencyXchangeCalcTests" */;
			buildPhases = (
				22BA99F42F98E7D700F46579 /* Sources */,
				22BA99F52F98E7D700F46579 /* Frameworks */,
				22BA99F62F98E7D700F46579 /* Resources */,
			);
			buildRules = (
			);
			dependencies = (
				22BA99FA2F98E7D700F46579 /* PBXTargetDependency */,
			);
			fileSystemSynchronizedGroups = (
				22BA99FB2F98E7D700F46579 /* CurrencyXchangeCalcTests */,
			);
			name = CurrencyXchangeCalcTests;
			packageProductDependencies = (
			);
			productName = CurrencyXchangeCalcTests;
			productReference = 22BA99F82F98E7D700F46579 /* CurrencyXchangeCalcTests.xctest */;
			productType = "com.apple.product-type.bundle.unit-test";
		};
		22BA9A012F98E7D700F46579 /* CurrencyXchangeCalcUITests */ = {
			isa = PBXNativeTarget;
			buildConfigurationList = 22BA9A122F98E7D700F46579 /* Build configuration list for PBXNativeTarget "CurrencyXchangeCalcUITests" */;
			buildPhases = (
				22BA99FE2F98E7D700F46579 /* Sources */,
				22BA99FF2F98E7D700F46579 /* Frameworks */,
				22BA9A002F98E7D700F46579 /* Resources */,
			);
			buildRules = (
			);
			dependencies = (
				22BA9A042F98E7D700F46579 /* PBXTargetDependency */,
			);
			fileSystemSynchronizedGroups = (
				22BA9A052F98E7D700F46579 /* CurrencyXchangeCalcUITests */,
			);
			name = CurrencyXchangeCalcUITests;
			packageProductDependencies = (
			);
			productName = CurrencyXchangeCalcUITests;
			productReference = 22BA9A022F98E7D700F46579 /* CurrencyXchangeCalcUITests.xctest */;
			productType = "com.apple.product-type.bundle.ui-testing";
		};
/* End PBXNativeTarget section */

/* Begin PBXProject section */
		22BA99E32F98E7D400F46579 /* Project object */ = {
			isa = PBXProject;
			attributes = {
				BuildIndependentTargetsInParallel = 1;
				LastSwiftUpdateCheck = 2640;
				LastUpgradeCheck = 2640;
				TargetAttributes = {
					22BA99EA2F98E7D400F46579 = {
						CreatedOnToolsVersion = 26.4.1;
					};
					22BA99F72F98E7D700F46579 = {
						CreatedOnToolsVersion = 26.4.1;
						TestTargetID = 22BA99EA2F98E7D400F46579;
					};
					22BA9A012F98E7D700F46579 = {
						CreatedOnToolsVersion = 26.4.1;
						TestTargetID = 22BA99EA2F98E7D400F46579;
					};
				};
			};
			buildConfigurationList = 22BA99E62F98E7D400F46579 /* Build configuration list for PBXProject "CurrencyXchangeCalc" */;
			developmentRegion = en;
			hasScannedForEncodings = 0;
			knownRegions = (
				en,
				Base,
			);
			mainGroup = 22BA99E22F98E7D400F46579;
			minimizedProjectReferenceProxies = 1;
			preferredProjectObjectVersion = 77;
			productRefGroup = 22BA99EC2F98E7D400F46579 /* Products */;
			projectDirPath = "";
			projectRoot = "";
			targets = (
				22BA99EA2F98E7D400F46579 /* CurrencyXchangeCalc */,
				22BA99F72F98E7D700F46579 /* CurrencyXchangeCalcTests */,
				22BA9A012F98E7D700F46579 /* CurrencyXchangeCalcUITests */,
			);
		};
/* End PBXProject section */

/* Begin PBXResourcesBuildPhase section */
		22BA99E92F98E7D400F46579 /* Resources */ = {
			isa = PBXResourcesBuildPhase;
			buildActionMask = 2147483647;
			files = (
				22BA9A182F98EA3300F46579 /* README.md in Resources */,
			);
			runOnlyForDeploymentPostprocessing = 0;
		};
		22BA99F62F98E7D700F46579 /* Resources */ = {
			isa = PBXResourcesBuildPhase;
			buildActionMask = 2147483647;
			files = (
			);
			runOnlyForDeploymentPostprocessing = 0;
		};
		22BA9A002F98E7D700F46579 /* Resources */ = {
			isa = PBXResourcesBuildPhase;
			buildActionMask = 2147483647;
			files = (
			);
			runOnlyForDeploymentPostprocessing = 0;
		};
/* End PBXResourcesBuildPhase section */

/* Begin PBXSourcesBuildPhase section */
		22BA99E72F98E7D400F46579 /* Sources */ = {
			isa = PBXSourcesBuildPhase;
			buildActionMask = 2147483647;
			files = (
			);
			runOnlyForDeploymentPostprocessing = 0;
		};
		22BA99F42F98E7D700F46579 /* Sources */ = {
			isa = PBXSourcesBuildPhase;
			buildActionMask = 2147483647;
			files = (
			);
			runOnlyForDeploymentPostprocessing = 0;
		};
		22BA99FE2F98E7D700F46579 /* Sources */ = {
			isa = PBXSourcesBuildPhase;
			buildActionMask = 2147483647;
			files = (
			);
			runOnlyForDeploymentPostprocessing = 0;
		};
/* End PBXSourcesBuildPhase section */

/* Begin PBXTargetDependency section */
		22BA99FA2F98E7D700F46579 /* PBXTargetDependency */ = {
			isa = PBXTargetDependency;
			target = 22BA99EA2F98E7D400F46579 /* CurrencyXchangeCalc */;
			targetProxy = 22BA99F92F98E7D700F46579 /* PBXContainerItemProxy */;
		};
		22BA9A042F98E7D700F46579 /* PBXTargetDependency */ = {
			isa = PBXTargetDependency;
			target = 22BA99EA2F98E7D400F46579 /* CurrencyXchangeCalc */;
			targetProxy = 22BA9A032F98E7D700F46579 /* PBXContainerItemProxy */;
		};
/* End PBXTargetDependency section */

/* Begin XCBuildConfiguration section */
		22BA9A0A2F98E7D700F46579 /* Debug */ = {
			isa = XCBuildConfiguration;
			buildSettings = {
				ALWAYS_SEARCH_USER_PATHS = NO;
				ASSETCATALOG_COMPILER_GENERATE_SWIFT_ASSET_SYMBOL_EXTENSIONS = YES;
				CLANG_ANALYZER_NONNULL = YES;
				CLANG_ANALYZER_NUMBER_OBJECT_CONVERSION = YES_AGGRESSIVE;
				CLANG_CXX_LANGUAGE_STANDARD = "gnu++20";
				CLANG_ENABLE_MODULES = YES;
				CLANG_ENABLE_OBJC_ARC = YES;
				CLANG_ENABLE_OBJC_WEAK = YES;
				CLANG_WARN_BLOCK_CAPTURE_AUTORELEASING = YES;
				CLANG_WARN_BOOL_CONVERSION = YES;
				CLANG_WARN_COMMA = YES;
				CLANG_WARN_CONSTANT_CONVERSION = YES;
				CLANG_WARN_DEPRECATED_OBJC_IMPLEMENTATIONS = YES;
				CLANG_WARN_DIRECT_OBJC_ISA_USAGE = YES_ERROR;
				CLANG_WARN_DOCUMENTATION_COMMENTS = YES;
				CLANG_WARN_EMPTY_BODY = YES;
				CLANG_WARN_ENUM_CONVERSION = YES;
				CLANG_WARN_INFINITE_RECURSION = YES;
				CLANG_WARN_INT_CONVERSION = YES;
				CLANG_WARN_NON_LITERAL_NULL_CONVERSION = YES;
				CLANG_WARN_OBJC_IMPLICIT_RETAIN_SELF = YES;
				CLANG_WARN_OBJC_LITERAL_CONVERSION = YES;
				CLANG_WARN_OBJC_ROOT_CLASS = YES_ERROR;
				CLANG_WARN_QUOTED_INCLUDE_IN_FRAMEWORK_HEADER = YES;
				CLANG_WARN_RANGE_LOOP_ANALYSIS = YES;
				CLANG_WARN_STRICT_PROTOTYPES = YES;
				CLANG_WARN_SUSPICIOUS_MOVE = YES;
				CLANG_WARN_UNGUARDED_AVAILABILITY = YES_AGGRESSIVE;
				CLANG_WARN_UNREACHABLE_CODE = YES;
				CLANG_WARN__DUPLICATE_METHOD_MATCH = YES;
				COPY_PHASE_STRIP = NO;
				DEBUG_INFORMATION_FORMAT = dwarf;
				DEVELOPMENT_TEAM = 3KR65ZULS9;
				ENABLE_STRICT_OBJC_MSGSEND = YES;
				ENABLE_TESTABILITY = YES;
				ENABLE_USER_SCRIPT_SANDBOXING = YES;
				GCC_C_LANGUAGE_STANDARD = gnu17;
				GCC_DYNAMIC_NO_PIC = NO;
				GCC_NO_COMMON_BLOCKS = YES;
				GCC_OPTIMIZATION_LEVEL = 0;
				GCC_PREPROCESSOR_DEFINITIONS = (
					"DEBUG=1",
					"$(inherited)",
				);
				GCC_WARN_64_TO_32_BIT_CONVERSION = YES;
				GCC_WARN_ABOUT_RETURN_TYPE = YES_ERROR;
				GCC_WARN_UNDECLARED_SELECTOR = YES;
				GCC_WARN_UNINITIALIZED_AUTOS = YES_AGGRESSIVE;
				GCC_WARN_UNUSED_FUNCTION = YES;
				GCC_WARN_UNUSED_VARIABLE = YES;
				IPHONEOS_DEPLOYMENT_TARGET = 26.4;
				LOCALIZATION_PREFERS_STRING_CATALOGS = YES;
				MTL_ENABLE_DEBUG_INFO = INCLUDE_SOURCE;
				MTL_FAST_MATH = YES;
				ONLY_ACTIVE_ARCH = YES;
				SDKROOT = iphoneos;
				SWIFT_ACTIVE_COMPILATION_CONDITIONS = "DEBUG $(inherited)";
				SWIFT_OPTIMIZATION_LEVEL = "-Onone";
			};
			name = Debug;
		};
		22BA9A0B2F98E7D700F46579 /* Release */ = {
			isa = XCBuildConfiguration;
			buildSettings = {
				ALWAYS_SEARCH_USER_PATHS = NO;
				ASSETCATALOG_COMPILER_GENERATE_SWIFT_ASSET_SYMBOL_EXTENSIONS = YES;
				CLANG_ANALYZER_NONNULL = YES;
				CLANG_ANALYZER_NUMBER_OBJECT_CONVERSION = YES_AGGRESSIVE;
				CLANG_CXX_LANGUAGE_STANDARD = "gnu++20";
				CLANG_ENABLE_MODULES = YES;
				CLANG_ENABLE_OBJC_ARC = YES;
				CLANG_ENABLE_OBJC_WEAK = YES;
				CLANG_WARN_BLOCK_CAPTURE_AUTORELEASING = YES;
				CLANG_WARN_BOOL_CONVERSION = YES;
				CLANG_WARN_COMMA = YES;
				CLANG_WARN_CONSTANT_CONVERSION = YES;
				CLANG_WARN_DEPRECATED_OBJC_IMPLEMENTATIONS = YES;
				CLANG_WARN_DIRECT_OBJC_ISA_USAGE = YES_ERROR;
				CLANG_WARN_DOCUMENTATION_COMMENTS = YES;
				CLANG_WARN_EMPTY_BODY = YES;
				CLANG_WARN_ENUM_CONVERSION = YES;
				CLANG_WARN_INFINITE_RECURSION = YES;
				CLANG_WARN_INT_CONVERSION = YES;
				CLANG_WARN_NON_LITERAL_NULL_CONVERSION = YES;
				CLANG_WARN_OBJC_IMPLICIT_RETAIN_SELF = YES;
				CLANG_WARN_OBJC_LITERAL_CONVERSION = YES;
				CLANG_WARN_OBJC_ROOT_CLASS = YES_ERROR;
				CLANG_WARN_QUOTED_INCLUDE_IN_FRAMEWORK_HEADER = YES;
				CLANG_WARN_RANGE_LOOP_ANALYSIS = YES;
				CLANG_WARN_STRICT_PROTOTYPES = YES;
				CLANG_WARN_SUSPICIOUS_MOVE = YES;
				CLANG_WARN_UNGUARDED_AVAILABILITY = YES_AGGRESSIVE;
				CLANG_WARN_UNREACHABLE_CODE = YES;
				CLANG_WARN__DUPLICATE_METHOD_MATCH = YES;
				COPY_PHASE_STRIP = NO;
				DEBUG_INFORMATION_FORMAT = "dwarf-with-dsym";
				DEVELOPMENT_TEAM = 3KR65ZULS9;
				ENABLE_NS_ASSERTIONS = NO;
				ENABLE_STRICT_OBJC_MSGSEND = YES;
				ENABLE_USER_SCRIPT_SANDBOXING = YES;
				GCC_C_LANGUAGE_STANDARD = gnu17;
				GCC_NO_COMMON_BLOCKS = YES;
				GCC_WARN_64_TO_32_BIT_CONVERSION = YES;
				GCC_WARN_ABOUT_RETURN_TYPE = YES_ERROR;
				GCC_WARN_UNDECLARED_SELECTOR = YES;
				GCC_WARN_UNINITIALIZED_AUTOS = YES_AGGRESSIVE;
				GCC_WARN_UNUSED_FUNCTION = YES;
				GCC_WARN_UNUSED_VARIABLE = YES;
				IPHONEOS_DEPLOYMENT_TARGET = 26.4;
				LOCALIZATION_PREFERS_STRING_CATALOGS = YES;
				MTL_ENABLE_DEBUG_INFO = NO;
				MTL_FAST_MATH = YES;
				SDKROOT = iphoneos;
				SWIFT_COMPILATION_MODE = wholemodule;
				VALIDATE_PRODUCT = YES;
			};
			name = Release;
		};
		22BA9A0D2F98E7D700F46579 /* Debug */ = {
			isa = XCBuildConfiguration;
			buildSettings = {
				ASSETCATALOG_COMPILER_APPICON_NAME = AppIcon;
				ASSETCATALOG_COMPILER_GLOBAL_ACCENT_COLOR_NAME = AccentColor;
				CODE_SIGN_STYLE = Automatic;
				CURRENT_PROJECT_VERSION = 1;
				DEVELOPMENT_TEAM = 3KR65ZULS9;
				ENABLE_PREVIEWS = YES;
				GENERATE_INFOPLIST_FILE = YES;
				INFOPLIST_KEY_UIApplicationSceneManifest_Generation = YES;
				INFOPLIST_KEY_UIApplicationSupportsIndirectInputEvents = YES;
				INFOPLIST_KEY_UILaunchScreen_Generation = YES;
				INFOPLIST_KEY_UISupportedInterfaceOrientations_iPad = "UIInterfaceOrientationPortrait UIInterfaceOrientationPortraitUpsideDown UIInterfaceOrientationLandscapeLeft UIInterfaceOrientationLandscapeRight";
				INFOPLIST_KEY_UISupportedInterfaceOrientations_iPhone = "UIInterfaceOrientationPortrait UIInterfaceOrientationLandscapeLeft UIInterfaceOrientationLandscapeRight";
				LD_RUNPATH_SEARCH_PATHS = (
					"$(inherited)",
					"@executable_path/Frameworks",
				);
				MARKETING_VERSION = 1.0;
				PRODUCT_BUNDLE_IDENTIFIER = edu.davidrynn.CurrencyXchangeCalc;
				PRODUCT_NAME = "$(TARGET_NAME)";
				STRING_CATALOG_GENERATE_SYMBOLS = YES;
				SWIFT_APPROACHABLE_CONCURRENCY = YES;
				SWIFT_DEFAULT_ACTOR_ISOLATION = MainActor;
				SWIFT_EMIT_LOC_STRINGS = YES;
				SWIFT_UPCOMING_FEATURE_MEMBER_IMPORT_VISIBILITY = YES;
				SWIFT_VERSION = 5.0;
				TARGETED_DEVICE_FAMILY = "1,2";
			};
			name = Debug;
		};
		22BA9A0E2F98E7D700F46579 /* Release */ = {
			isa = XCBuildConfiguration;
			buildSettings = {
				ASSETCATALOG_COMPILER_APPICON_NAME = AppIcon;
				ASSETCATALOG_COMPILER_GLOBAL_ACCENT_COLOR_NAME = AccentColor;
				CODE_SIGN_STYLE = Automatic;
				CURRENT_PROJECT_VERSION = 1;
				DEVELOPMENT_TEAM = 3KR65ZULS9;
				ENABLE_PREVIEWS = YES;
				GENERATE_INFOPLIST_FILE = YES;
				INFOPLIST_KEY_UIApplicationSceneManifest_Generation = YES;
				INFOPLIST_KEY_UIApplicationSupportsIndirectInputEvents = YES;
				INFOPLIST_KEY_UILaunchScreen_Generation = YES;
				INFOPLIST_KEY_UISupportedInterfaceOrientations_iPad = "UIInterfaceOrientationPortrait UIInterfaceOrientationPortraitUpsideDown UIInterfaceOrientationLandscapeLeft UIInterfaceOrientationLandscapeRight";
				INFOPLIST_KEY_UISupportedInterfaceOrientations_iPhone = "UIInterfaceOrientationPortrait UIInterfaceOrientationLandscapeLeft UIInterfaceOrientationLandscapeRight";
				LD_RUNPATH_SEARCH_PATHS = (
					"$(inherited)",
					"@executable_path/Frameworks",
				);
				MARKETING_VERSION = 1.0;
				PRODUCT_BUNDLE_IDENTIFIER = edu.davidrynn.CurrencyXchangeCalc;
				PRODUCT_NAME = "$(TARGET_NAME)";
				STRING_CATALOG_GENERATE_SYMBOLS = YES;
				SWIFT_APPROACHABLE_CONCURRENCY = YES;
				SWIFT_DEFAULT_ACTOR_ISOLATION = MainActor;
				SWIFT_EMIT_LOC_STRINGS = YES;
				SWIFT_UPCOMING_FEATURE_MEMBER_IMPORT_VISIBILITY = YES;
				SWIFT_VERSION = 5.0;
				TARGETED_DEVICE_FAMILY = "1,2";
			};
			name = Release;
		};
		22BA9A102F98E7D700F46579 /* Debug */ = {
			isa = XCBuildConfiguration;
			buildSettings = {
				BUNDLE_LOADER = "$(TEST_HOST)";
				CODE_SIGN_STYLE = Automatic;
				CURRENT_PROJECT_VERSION = 1;
				DEVELOPMENT_TEAM = 3KR65ZULS9;
				GENERATE_INFOPLIST_FILE = YES;
				IPHONEOS_DEPLOYMENT_TARGET = 26.4;
				MARKETING_VERSION = 1.0;
				PRODUCT_BUNDLE_IDENTIFIER = edu.davidrynn.CurrencyXchangeCalcTests;
				PRODUCT_NAME = "$(TARGET_NAME)";
				STRING_CATALOG_GENERATE_SYMBOLS = NO;
				SWIFT_APPROACHABLE_CONCURRENCY = YES;
				SWIFT_EMIT_LOC_STRINGS = NO;
				SWIFT_UPCOMING_FEATURE_MEMBER_IMPORT_VISIBILITY = YES;
				SWIFT_VERSION = 5.0;
				TARGETED_DEVICE_FAMILY = "1,2";
				TEST_HOST = "$(BUILT_PRODUCTS_DIR)/CurrencyXchangeCalc.app/$(BUNDLE_EXECUTABLE_FOLDER_PATH)/CurrencyXchangeCalc";
			};
			name = Debug;
		};
		22BA9A112F98E7D700F46579 /* Release */ = {
			isa = XCBuildConfiguration;
			buildSettings = {
				BUNDLE_LOADER = "$(TEST_HOST)";
				CODE_SIGN_STYLE = Automatic;
				CURRENT_PROJECT_VERSION = 1;
				DEVELOPMENT_TEAM = 3KR65ZULS9;
				GENERATE_INFOPLIST_FILE = YES;
				IPHONEOS_DEPLOYMENT_TARGET = 26.4;
				MARKETING_VERSION = 1.0;
				PRODUCT_BUNDLE_IDENTIFIER = edu.davidrynn.CurrencyXchangeCalcTests;
				PRODUCT_NAME = "$(TARGET_NAME)";
				STRING_CATALOG_GENERATE_SYMBOLS = NO;
				SWIFT_APPROACHABLE_CONCURRENCY = YES;
				SWIFT_EMIT_LOC_STRINGS = NO;
				SWIFT_UPCOMING_FEATURE_MEMBER_IMPORT_VISIBILITY = YES;
				SWIFT_VERSION = 5.0;
				TARGETED_DEVICE_FAMILY = "1,2";
				TEST_HOST = "$(BUILT_PRODUCTS_DIR)/CurrencyXchangeCalc.app/$(BUNDLE_EXECUTABLE_FOLDER_PATH)/CurrencyXchangeCalc";
			};
			name = Release;
		};
		22BA9A132F98E7D700F46579 /* Debug */ = {
			isa = XCBuildConfiguration;
			buildSettings = {
				CODE_SIGN_STYLE = Automatic;
				CURRENT_PROJECT_VERSION = 1;
				DEVELOPMENT_TEAM = 3KR65ZULS9;
				GENERATE_INFOPLIST_FILE = YES;
				MARKETING_VERSION = 1.0;
				PRODUCT_BUNDLE_IDENTIFIER = edu.davidrynn.CurrencyXchangeCalcUITests;
				PRODUCT_NAME = "$(TARGET_NAME)";
				STRING_CATALOG_GENERATE_SYMBOLS = NO;
				SWIFT_APPROACHABLE_CONCURRENCY = YES;
				SWIFT_EMIT_LOC_STRINGS = NO;
				SWIFT_UPCOMING_FEATURE_MEMBER_IMPORT_VISIBILITY = YES;
				SWIFT_VERSION = 5.0;
				TARGETED_DEVICE_FAMILY = "1,2";
				TEST_TARGET_NAME = CurrencyXchangeCalc;
			};
			name = Debug;
		};
		22BA9A142F98E7D700F46579 /* Release */ = {
			isa = XCBuildConfiguration;
			buildSettings = {
				CODE_SIGN_STYLE = Automatic;
				CURRENT_PROJECT_VERSION = 1;
				DEVELOPMENT_TEAM = 3KR65ZULS9;
				GENERATE_INFOPLIST_FILE = YES;
				MARKETING_VERSION = 1.0;
				PRODUCT_BUNDLE_IDENTIFIER = edu.davidrynn.CurrencyXchangeCalcUITests;
				PRODUCT_NAME = "$(TARGET_NAME)";
				STRING_CATALOG_GENERATE_SYMBOLS = NO;
				SWIFT_APPROACHABLE_CONCURRENCY = YES;
				SWIFT_EMIT_LOC_STRINGS = NO;
				SWIFT_UPCOMING_FEATURE_MEMBER_IMPORT_VISIBILITY = YES;
				SWIFT_VERSION = 5.0;
				TARGETED_DEVICE_FAMILY = "1,2";
				TEST_TARGET_NAME = CurrencyXchangeCalc;
			};
			name = Release;
		};
/* End XCBuildConfiguration section */

/* Begin XCConfigurationList section */
		22BA99E62F98E7D400F46579 /* Build configuration list for PBXProject "CurrencyXchangeCalc" */ = {
			isa = XCConfigurationList;
			buildConfigurations = (
				22BA9A0A2F98E7D700F46579 /* Debug */,
				22BA9A0B2F98E7D700F46579 /* Release */,
			);
			defaultConfigurationIsVisible = 0;
			defaultConfigurationName = Release;
		};
		22BA9A0C2F98E7D700F46579 /* Build configuration list for PBXNativeTarget "CurrencyXchangeCalc" */ = {
			isa = XCConfigurationList;
			buildConfigurations = (
				22BA9A0D2F98E7D700F46579 /* Debug */,
				22BA9A0E2F98E7D700F46579 /* Release */,
			);
			defaultConfigurationIsVisible = 0;
			defaultConfigurationName = Release;
		};
		22BA9A0F2F98E7D700F46579 /* Build configuration list for PBXNativeTarget "CurrencyXchangeCalcTests" */ = {
			isa = XCConfigurationList;
			buildConfigurations = (
				22BA9A102F98E7D700F46579 /* Debug */,
				22BA9A112F98E7D700F46579 /* Release */,
			);
			defaultConfigurationIsVisible = 0;
			defaultConfigurationName = Release;
		};
		22BA9A122F98E7D700F46579 /* Build configuration list for PBXNativeTarget "CurrencyXchangeCalcUITests" */ = {
			isa = XCConfigurationList;
			buildConfigurations = (
				22BA9A132F98E7D700F46579 /* Debug */,
				22BA9A142F98E7D700F46579 /* Release */,
			);
			defaultConfigurationIsVisible = 0;
			defaultConfigurationName = Release;
		};
/* End XCConfigurationList section */
	};
	rootObject = 22BA99E32F98E7D400F46579 /* Project object */;
}
